// !$*UTF8*$!
{
	archiveVersion = 1;
	classes = {
	};
	objectVersion = 48;
	objects = {

/* Begin PBXBuildFile section */
		3E45F1D91DB5C37A00AC2655 /* Main.storyboard in Resources */ = {isa = PBXBuildFile; fileRef = 3E45F1D71DB5C37A00AC2655 /* Main.storyboard */; };
		3E45F1DB1DB5C37A00AC2655 /* Assets.xcassets in Resources */ = {isa = PBXBuildFile; fileRef = 3E45F1DA1DB5C37A00AC2655 /* Assets.xcassets */; };
		3E45F1DE1DB5C37A00AC2655 /* LaunchScreen.storyboard in Resources */ = {isa = PBXBuildFile; fileRef = 3E45F1DC1DB5C37A00AC2655 /* LaunchScreen.storyboard */; };
		3E45F2021DB5C40500AC2655 /* BrainTests.swift in Sources */ = {isa = PBXBuildFile; fileRef = 3E45F2011DB5C40500AC2655 /* BrainTests.swift */; };
		3E45F2041DB5C59800AC2655 /* Brain.swift in Sources */ = {isa = PBXBuildFile; fileRef = 3E45F2031DB5C59800AC2655 /* Brain.swift */; };
		3E45F2091DB5EEEE00AC2655 /* GameTests.swift in Sources */ = {isa = PBXBuildFile; fileRef = 3E45F2081DB5EEEE00AC2655 /* GameTests.swift */; };
		3E45F20B1DB5F0E800AC2655 /* Game.swift in Sources */ = {isa = PBXBuildFile; fileRef = 3E45F20A1DB5F0E800AC2655 /* Game.swift */; };
		3E45F20F1DB60B6D00AC2655 /* ViewController.swift in Sources */ = {isa = PBXBuildFile; fileRef = 3E45F20E1DB60B6D00AC2655 /* ViewController.swift */; };
		3E45F2111DB6135C00AC2655 /* ViewControllerUnitTests.swift in Sources */ = {isa = PBXBuildFile; fileRef = 3E45F2101DB6135C00AC2655 /* ViewControllerUnitTests.swift */; };
		3E45F2121DB6153D00AC2655 /* AppDelegate.swift in Sources */ = {isa = PBXBuildFile; fileRef = 3E45F1D31DB5C37A00AC2655 /* AppDelegate.swift */; };
		3E45F2161DB61DDA00AC2655 /* ViewControllerUITests.swift in Sources */ = {isa = PBXBuildFile; fileRef = 3E45F2151DB61DDA00AC2655 /* ViewControllerUITests.swift */; };
		3ED86C9B1DB642CC00143755 /* Move.swift in Sources */ = {isa = PBXBuildFile; fileRef = 3ED86C9A1DB642CC00143755 /* Move.swift */; };
/* End PBXBuildFile section */

/* Begin PBXContainerItemProxy section */
		3E45F1E51DB5C37A00AC2655 /* PBXContainerItemProxy */ = {
			isa = PBXContainerItemProxy;
			containerPortal = 3E45F1C81DB5C37A00AC2655 /* Project object */;
			proxyType = 1;
			remoteGlobalIDString = 3E45F1CF1DB5C37A00AC2655;
			remoteInfo = TDD_example;
		};
		3E45F1F01DB5C37A00AC2655 /* PBXContainerItemProxy */ = {
			isa = PBXContainerItemProxy;
			containerPortal = 3E45F1C81DB5C37A00AC2655 /* Project object */;
			proxyType = 1;
			remoteGlobalIDString = 3E45F1CF1DB5C37A00AC2655;
			remoteInfo = TDD_example;
		};
/* End PBXContainerItemProxy section */

/* Begin PBXFileReference section */
		3E45F1D01DB5C37A00AC2655 /* TDD_example.app */ = {isa = PBXFileReference; explicitFileType = wrapper.application; includeInIndex = 0; path = TDD_example.app; sourceTree = BUILT_PRODUCTS_DIR; };
		3E45F1D31DB5C37A00AC2655 /* AppDelegate.swift */ = {isa = PBXFileReference; lastKnownFileType = sourcecode.swift; path = AppDelegate.swift; sourceTree = "<group>"; };
		3E45F1D81DB5C37A00AC2655 /* Base */ = {isa = PBXFileReference; lastKnownFileType = file.storyboard; name = Base; path = Base.lproj/Main.storyboard; sourceTree = "<group>"; };
		3E45F1DA1DB5C37A00AC2655 /* Assets.xcassets */ = {isa = PBXFileReference; lastKnownFileType = folder.assetcatalog; path = Assets.xcassets; sourceTree = "<group>"; };
		3E45F1DD1DB5C37A00AC2655 /* Base */ = {isa = PBXFileReference; lastKnownFileType = file.storyboard; name = Base; path = Base.lproj/LaunchScreen.storyboard; sourceTree = "<group>"; };
		3E45F1DF1DB5C37A00AC2655 /* Info.plist */ = {isa = PBXFileReference; lastKnownFileType = text.plist.xml; path = Info.plist; sourceTree = "<group>"; };
		3E45F1E41DB5C37A00AC2655 /* TDD_exampleTests.xctest */ = {isa = PBXFileReference; explicitFileType = wrapper.cfbundle; includeInIndex = 0; path = TDD_exampleTests.xctest; sourceTree = BUILT_PRODUCTS_DIR; };
		3E45F1EA1DB5C37A00AC2655 /* Info.plist */ = {isa = PBXFileReference; lastKnownFileType = text.plist.xml; path = Info.plist; sourceTree = "<group>"; };
		3E45F1EF1DB5C37A00AC2655 /* TDD_exampleUITests.xctest */ = {isa = PBXFileReference; explicitFileType = wrapper.cfbundle; includeInIndex = 0; path = TDD_exampleUITests.xctest; sourceTree = BUILT_PRODUCTS_DIR; };
		3E45F1F51DB5C37A00AC2655 /* Info.plist */ = {isa = PBXFileReference; lastKnownFileType = text.plist.xml; path = Info.plist; sourceTree = "<group>"; };
		3E45F2011DB5C40500AC2655 /* BrainTests.swift */ = {isa = PBXFileReference; fileEncoding = 4; lastKnownFileType = sourcecode.swift; path = BrainTests.swift; sourceTree = "<group>"; };
		3E45F2031DB5C59800AC2655 /* Brain.swift */ = {isa = PBXFileReference; fileEncoding = 4; lastKnownFileType = sourcecode.swift; path = Brain.swift; sourceTree = "<group>"; };
		3E45F2081DB5EEEE00AC2655 /* GameTests.swift */ = {isa = PBXFileReference; fileEncoding = 4; lastKnownFileType = sourcecode.swift; path = GameTests.swift; sourceTree = "<group>"; };
		3E45F20A1DB5F0E800AC2655 /* Game.swift */ = {isa = PBXFileReference; fileEncoding = 4; lastKnownFileType = sourcecode.swift; path = Game.swift; sourceTree = "<group>"; };
		3E45F20E1DB60B6D00AC2655 /* ViewController.swift */ = {isa = PBXFileReference; fileEncoding = 4; lastKnownFileType = sourcecode.swift; path = ViewController.swift; sourceTree = "<group>"; };
		3E45F2101DB6135C00AC2655 /* ViewControllerUnitTests.swift */ = {isa = PBXFileReference; fileEncoding = 4; lastKnownFileType = sourcecode.swift; path = ViewControllerUnitTests.swift; sourceTree = "<group>"; };
		3E45F2151DB61DDA00AC2655 /* ViewControllerUITests.swift */ = {isa = PBXFileReference; fileEncoding = 4; lastKnownFileType = sourcecode.swift; path = ViewControllerUITests.swift; sourceTree = "<group>"; };
		3ED86C9A1DB642CC00143755 /* Move.swift */ = {isa = PBXFileReference; fileEncoding = 4; lastKnownFileType = sourcecode.swift; path = Move.swift; sourceTree = "<group>"; };
/* End PBXFileReference section */

/* Begin PBXFrameworksBuildPhase section */
		3E45F1CD1DB5C37A00AC2655 /* Frameworks */ = {
			isa = PBXFrameworksBuildPhase;
			buildActionMask = 2147483647;
			files = (
			);
			runOnlyForDeploymentPostprocessing = 0;
		};
		3E45F1E11DB5C37A00AC2655 /* Frameworks */ = {
			isa = PBXFrameworksBuildPhase;
			buildActionMask = 2147483647;
			files = (
			);
			runOnlyForDeploymentPostprocessing = 0;
		};
		3E45F1EC1DB5C37A00AC2655 /* Frameworks */ = {
			isa = PBXFrameworksBuildPhase;
			buildActionMask = 2147483647;
			files = (
			);
			runOnlyForDeploymentPostprocessing = 0;
		};
/* End PBXFrameworksBuildPhase section */

/* Begin PBXGroup section */
		3E45F1C71DB5C37A00AC2655 = {
			isa = PBXGroup;
			children = (
				3E45F1D21DB5C37A00AC2655 /* TDD_example */,
				3E45F1E71DB5C37A00AC2655 /* TDD_exampleTests */,
				3E45F1F21DB5C37A00AC2655 /* TDD_exampleUITests */,
				3E45F1D11DB5C37A00AC2655 /* Products */,
			);
			sourceTree = "<group>";
		};
		3E45F1D11DB5C37A00AC2655 /* Products */ = {
			isa = PBXGroup;
			children = (
				3E45F1D01DB5C37A00AC2655 /* TDD_example.app */,
				3E45F1E41DB5C37A00AC2655 /* TDD_exampleTests.xctest */,
				3E45F1EF1DB5C37A00AC2655 /* TDD_exampleUITests.xctest */,
			);
			name = Products;
			sourceTree = "<group>";
		};
		3E45F1D21DB5C37A00AC2655 /* TDD_example */ = {
			isa = PBXGroup;
			children = (
				3E45F20E1DB60B6D00AC2655 /* ViewController.swift */,
				3E45F1D31DB5C37A00AC2655 /* AppDelegate.swift */,
				3E45F1D71DB5C37A00AC2655 /* Main.storyboard */,
				3E45F1DA1DB5C37A00AC2655 /* Assets.xcassets */,
				3E45F1DC1DB5C37A00AC2655 /* LaunchScreen.storyboard */,
				3E45F1DF1DB5C37A00AC2655 /* Info.plist */,
				3E45F2031DB5C59800AC2655 /* Brain.swift */,
				3E45F20A1DB5F0E800AC2655 /* Game.swift */,
				3ED86C9A1DB642CC00143755 /* Move.swift */,
			);
			path = TDD_example;
			sourceTree = "<group>";
		};
		3E45F1E71DB5C37A00AC2655 /* TDD_exampleTests */ = {
			isa = PBXGroup;
			children = (
				3E45F1EA1DB5C37A00AC2655 /* Info.plist */,
				3E45F2011DB5C40500AC2655 /* BrainTests.swift */,
				3E45F2081DB5EEEE00AC2655 /* GameTests.swift */,
				3E45F2101DB6135C00AC2655 /* ViewControllerUnitTests.swift */,
			);
			path = TDD_exampleTests;
			sourceTree = "<group>";
		};
		3E45F1F21DB5C37A00AC2655 /* TDD_exampleUITests */ = {
			isa = PBXGroup;
			children = (
				3E45F1F51DB5C37A00AC2655 /* Info.plist */,
				3E45F2151DB61DDA00AC2655 /* ViewControllerUITests.swift */,
			);
			path = TDD_exampleUITests;
			sourceTree = "<group>";
		};
/* End PBXGroup section */

/* Begin PBXNativeTarget section */
		3E45F1CF1DB5C37A00AC2655 /* TDD_example */ = {
			isa = PBXNativeTarget;
			buildConfigurationList = 3E45F1F81DB5C37A00AC2655 /* Build configuration list for PBXNativeTarget "TDD_example" */;
			buildPhases = (
				3E45F1CC1DB5C37A00AC2655 /* Sources */,
				3E45F1CD1DB5C37A00AC2655 /* Frameworks */,
				3E45F1CE1DB5C37A00AC2655 /* Resources */,
			);
			buildRules = (
			);
			dependencies = (
			);
			name = TDD_example;
			productName = TDD_example;
			productReference = 3E45F1D01DB5C37A00AC2655 /* TDD_example.app */;
			productType = "com.apple.product-type.application";
		};
		3E45F1E31DB5C37A00AC2655 /* TDD_exampleTests */ = {
			isa = PBXNativeTarget;
			buildConfigurationList = 3E45F1FB1DB5C37A00AC2655 /* Build configuration list for PBXNativeTarget "TDD_exampleTests" */;
			buildPhases = (
				3E45F1E01DB5C37A00AC2655 /* Sources */,
				3E45F1E11DB5C37A00AC2655 /* Frameworks */,
				3E45F1E21DB5C37A00AC2655 /* Resources */,
			);
			buildRules = (
			);
			dependencies = (
				3E45F1E61DB5C37A00AC2655 /* PBXTargetDependency */,
			);
			name = TDD_exampleTests;
			productName = TDD_exampleTests;
			productReference = 3E45F1E41DB5C37A00AC2655 /* TDD_exampleTests.xctest */;
			productType = "com.apple.product-type.bundle.unit-test";
		};
		3E45F1EE1DB5C37A00AC2655 /* TDD_exampleUITests */ = {
			isa = PBXNativeTarget;
			buildConfigurationList = 3E45F1FE1DB5C37A00AC2655 /* Build configuration list for PBXNativeTarget "TDD_exampleUITests" */;
			buildPhases = (
				3E45F1EB1DB5C37A00AC2655 /* Sources */,
				3E45F1EC1DB5C37A00AC2655 /* Frameworks */,
				3E45F1ED1DB5C37A00AC2655 /* Resources */,
			);
			buildRules = (
			);
			dependencies = (
				3E45F1F11DB5C37A00AC2655 /* PBXTargetDependency */,
			);
			name = TDD_exampleUITests;
			productName = TDD_exampleUITests;
			productReference = 3E45F1EF1DB5C37A00AC2655 /* TDD_exampleUITests.xctest */;
			productType = "com.apple.product-type.bundle.ui-testing";
		};
/* End PBXNativeTarget section */

/* Begin PBXProject section */
		3E45F1C81DB5C37A00AC2655 /* Project object */ = {
			isa = PBXProject;
			attributes = {
				LastSwiftUpdateCheck = 0800;
				LastUpgradeCheck = 0800;
				ORGANIZATIONNAME = xnxin;
				TargetAttributes = {
					3E45F1CF1DB5C37A00AC2655 = {
						CreatedOnToolsVersion = 8.0;
						ProvisioningStyle = Automatic;
					};
					3E45F1E31DB5C37A00AC2655 = {
						CreatedOnToolsVersion = 8.0;
						ProvisioningStyle = Automatic;
						TestTargetID = 3E45F1CF1DB5C37A00AC2655;
					};
					3E45F1EE1DB5C37A00AC2655 = {
						CreatedOnToolsVersion = 8.0;
						LastSwiftMigration = 0800;
						ProvisioningStyle = Automatic;
						TestTargetID = 3E45F1CF1DB5C37A00AC2655;
					};
				};
			};
			buildConfigurationList = 3E45F1CB1DB5C37A00AC2655 /* Build configuration list for PBXProject "TDD_example" */;
			compatibilityVersion = "Xcode 8.0";
			developmentRegion = English;
			hasScannedForEncodings = 0;
			knownRegions = (
				en,
				Base,
			);
			mainGroup = 3E45F1C71DB5C37A00AC2655;
			productRefGroup = 3E45F1D11DB5C37A00AC2655 /* Products */;
			projectDirPath = "";
			projectRoot = "";
			targets = (
				3E45F1CF1DB5C37A00AC2655 /* TDD_example */,
				3E45F1E31DB5C37A00AC2655 /* TDD_exampleTests */,
				3E45F1EE1DB5C37A00AC2655 /* TDD_exampleUITests */,
			);
		};
/* End PBXProject section */

/* Begin PBXResourcesBuildPhase section */
		3E45F1CE1DB5C37A00AC2655 /* Resources */ = {
			isa = PBXResourcesBuildPhase;
			buildActionMask = 2147483647;
			files = (
				3E45F1DE1DB5C37A00AC2655 /* LaunchScreen.storyboard in Resources */,
				3E45F1DB1DB5C37A00AC2655 /* Assets.xcassets in Resources */,
				3E45F1D91DB5C37A00AC2655 /* Main.storyboard in Resources */,
			);
			runOnlyForDeploymentPostprocessing = 0;
		};
		3E45F1E21DB5C37A00AC2655 /* Resources */ = {
			isa = PBXResourcesBuildPhase;
			buildActionMask = 2147483647;
			files = (
			);
			runOnlyForDeploymentPostprocessing = 0;
		};
		3E45F1ED1DB5C37A00AC2655 /* Resources */ = {
			isa = PBXResourcesBuildPhase;
			buildActionMask = 2147483647;
			files = (
			);
			runOnlyForDeploymentPostprocessing = 0;
		};
/* End PBXResourcesBuildPhase section */

/* Begin PBXSourcesBuildPhase section */
		3E45F1CC1DB5C37A00AC2655 /* Sources */ = {
			isa = PBXSourcesBuildPhase;
			buildActionMask = 2147483647;
			files = (
				3ED86C9B1DB642CC00143755 /* Move.swift in Sources */,
				3E45F2121DB6153D00AC2655 /* AppDelegate.swift in Sources */,
				3E45F2041DB5C59800AC2655 /* Brain.swift in Sources */,
				3E45F20B1DB5F0E800AC2655 /* Game.swift in Sources */,
				3E45F20F1DB60B6D00AC2655 /* ViewController.swift in Sources */,
			);
			runOnlyForDeploymentPostprocessing = 0;
		};
		3E45F1E01DB5C37A00AC2655 /* Sources */ = {
			isa = PBXSourcesBuildPhase;
			buildActionMask = 2147483647;
			files = (
				3E45F2021DB5C40500AC2655 /* BrainTests.swift in Sources */,
				3E45F2091DB5EEEE00AC2655 /* GameTests.swift in Sources */,
				3E45F2111DB6135C00AC2655 /* ViewControllerUnitTests.swift in Sources */,
			);
			runOnlyForDeploymentPostprocessing = 0;
		};
		3E45F1EB1DB5C37A00AC2655 /* Sources */ = {
			isa = PBXSourcesBuildPhase;
			buildActionMask = 2147483647;
			files = (
				3E45F2161DB61DDA00AC2655 /* ViewControllerUITests.swift in Sources */,
			);
			runOnlyForDeploymentPostprocessing = 0;
		};
/* End PBXSourcesBuildPhase section */

/* Begin PBXTargetDependency section */
		3E45F1E61DB5C37A00AC2655 /* PBXTargetDependency */ = {
			isa = PBXTargetDependency;
			target = 3E45F1CF1DB5C37A00AC2655 /* TDD_example */;
			targetProxy = 3E45F1E51DB5C37A00AC2655 /* PBXContainerItemProxy */;
		};
		3E45F1F11DB5C37A00AC2655 /* PBXTargetDependency */ = {
			isa = PBXTargetDependency;
			target = 3E45F1CF1DB5C37A00AC2655 /* TDD_example */;
			targetProxy = 3E45F1F01DB5C37A00AC2655 /* PBXContainerItemProxy */;
		};
/* End PBXTargetDependency section */

/* Begin PBXVariantGroup section */
		3E45F1D71DB5C37A00AC2655 /* Main.storyboard */ = {
			isa = PBXVariantGroup;
			children = (
				3E45F1D81DB5C37A00AC2655 /* Base */,
			);
			name = Main.storyboard;
			sourceTree = "<group>";
		};
		3E45F1DC1DB5C37A00AC2655 /* LaunchScreen.storyboard */ = {
			isa = PBXVariantGroup;
			children = (
				3E45F1DD1DB5C37A00AC2655 /* Base */,
			);
			name = LaunchScreen.storyboard;
			sourceTree = "<group>";
		};
/* End PBXVariantGroup section */

/* Begin XCBuildConfiguration section */
		3E45F1F61DB5C37A00AC2655 /* Debug */ = {
			isa = XCBuildConfiguration;
			buildSettings = {
				ALWAYS_SEARCH_USER_PATHS = NO;
				CLANG_ANALYZER_NONNULL = YES;
				CLANG_CXX_LANGUAGE_STANDARD = "gnu++0x";
				CLANG_CXX_LIBRARY = "libc++";
				CLANG_ENABLE_MODULES = YES;
				CLANG_ENABLE_OBJC_ARC = YES;
				CLANG_WARN_BOOL_CONVERSION = YES;
				CLANG_WARN_CONSTANT_CONVERSION = YES;
				CLANG_WARN_DIRECT_OBJC_ISA_USAGE = YES_ERROR;
				CLANG_WARN_DOCUMENTATION_COMMENTS = YES;
				CLANG_WARN_EMPTY_BODY = YES;
				CLANG_WARN_ENUM_CONVERSION = YES;
				CLANG_WARN_INFINITE_RECURSION = YES;
				CLANG_WARN_INT_CONVERSION = YES;
				CLANG_WARN_OBJC_ROOT_CLASS = YES_ERROR;
				CLANG_WARN_SUSPICIOUS_MOVES = YES;
				CLANG_WARN_UNREACHABLE_CODE = YES;
				CLANG_WARN__DUPLICATE_METHOD_MATCH = YES;
				"CODE_SIGN_IDENTITY[sdk=iphoneos*]" = "iPhone Developer";
				COPY_PHASE_STRIP = NO;
				DEBUG_INFORMATION_FORMAT = dwarf;
				ENABLE_STRICT_OBJC_MSGSEND = YES;
				ENABLE_TESTABILITY = YES;
				GCC_C_LANGUAGE_STANDARD = gnu99;
				GCC_DYNAMIC_NO_PIC = NO;
				GCC_NO_COMMON_BLOCKS = YES;
				GCC_OPTIMIZATION_LEVEL = 0;
				GCC_PREPROCESSOR_DEFINITIONS = (
					"DEBUG=1",
					"$(inherited)",
				);
				GCC_WARN_64_TO_32_BIT_CONVERSION = YES;
				GCC_WARN_ABOUT_RETURN_TYPE = YES_ERROR;
				GCC_WARN_UNDECLARED_SELECTOR = YES;
				GCC_WARN_UNINITIALIZED_AUTOS = YES_AGGRESSIVE;
				GCC_WARN_UNUSED_FUNCTION = YES;
				GCC_WARN_UNUSED_VARIABLE = YES;
				IPHONEOS_DEPLOYMENT_TARGET = 10.0;
				MTL_ENABLE_DEBUG_INFO = YES;
				ONLY_ACTIVE_ARCH = YES;
				SDKROOT = iphoneos;
				SWIFT_ACTIVE_COMPILATION_CONDITIONS = DEBUG;
				SWIFT_OPTIMIZATION_LEVEL = "-Onone";
				TARGETED_DEVICE_FAMILY = "1,2";
			};
			name = Debug;
		};
		3E45F1F71DB5C37A00AC2655 /* Release */ = {
			isa = XCBuildConfiguration;
			buildSettings = {
				ALWAYS_SEARCH_USER_PATHS = NO;
				CLANG_ANALYZER_NONNULL = YES;
				CLANG_CXX_LANGUAGE_STANDARD = "gnu++0x";
				CLANG_CXX_LIBRARY = "libc++";
				CLANG_ENABLE_MODULES = YES;
				CLANG_ENABLE_OBJC_ARC = YES;
				CLANG_WARN_BOOL_CONVERSION = YES;
				CLANG_WARN_CONSTANT_CONVERSION = YES;
				CLANG_WARN_DIRECT_OBJC_ISA_USAGE = YES_ERROR;
				CLANG_WARN_DOCUMENTATION_COMMENTS = YES;
				CLANG_WARN_EMPTY_BODY = YES;
				CLANG_WARN_ENUM_CONVERSION = YES;
				CLANG_WARN_INFINITE_RECURSION = YES;
				CLANG_WARN_INT_CONVERSION = YES;
				CLANG_WARN_OBJC_ROOT_CLASS = YES_ERROR;
				CLANG_WARN_SUSPICIOUS_MOVES = YES;
				CLANG_WARN_UNREACHABLE_CODE = YES;
				CLANG_WARN__DUPLICATE_METHOD_MATCH = YES;
				"CODE_SIGN_IDENTITY[sdk=iphoneos*]" = "iPhone Developer";
				COPY_PHASE_STRIP = NO;
				DEBUG_INFORMATION_FORMAT = "dwarf-with-dsym";
				ENABLE_NS_ASSERTIONS = NO;
				ENABLE_STRICT_OBJC_MSGSEND = YES;
				GCC_C_LANGUAGE_STANDARD = gnu99;
				GCC_NO_COMMON_BLOCKS = YES;
				GCC_WARN_64_TO_32_BIT_CONVERSION = YES;
				GCC_WARN_ABOUT_RETURN_TYPE = YES_ERROR;
				GCC_WARN_UNDECLARED_SELECTOR = YES;
				GCC_WARN_UNINITIALIZED_AUTOS = YES_AGGRESSIVE;
				GCC_WARN_UNUSED_FUNCTION = YES;
				GCC_WARN_UNUSED_VARIABLE = YES;
				IPHONEOS_DEPLOYMENT_TARGET = 10.0;
				MTL_ENABLE_DEBUG_INFO = NO;
				SDKROOT = iphoneos;
				SWIFT_OPTIMIZATION_LEVEL = "-Owholemodule";
				TARGETED_DEVICE_FAMILY = "1,2";
				VALIDATE_PRODUCT = YES;
			};
			name = Release;
		};
		3E45F1F91DB5C37A00AC2655 /* Debug */ = {
			isa = XCBuildConfiguration;
			buildSettings = {
				ASSETCATALOG_COMPILER_APPICON_NAME = AppIcon;
				INFOPLIST_FILE = TDD_example/Info.plist;
				LD_RUNPATH_SEARCH_PATHS = "$(inherited) @executable_path/Frameworks";
				PRODUCT_BUNDLE_IDENTIFIER = "com.xnxin.TDD-example";
				PRODUCT_NAME = "$(TARGET_NAME)";
				SWIFT_VERSION = 3.0;
			};
			name = Debug;
		};
		3E45F1FA1DB5C37A00AC2655 /* Release */ = {
			isa = XCBuildConfiguration;
			buildSettings = {
				ASSETCATALOG_COMPILER_APPICON_NAME = AppIcon;
				INFOPLIST_FILE = TDD_example/Info.plist;
				LD_RUNPATH_SEARCH_PATHS = "$(inherited) @executable_path/Frameworks";
				PRODUCT_BUNDLE_IDENTIFIER = "com.xnxin.TDD-example";
				PRODUCT_NAME = "$(TARGET_NAME)";
				SWIFT_VERSION = 3.0;
			};
			name = Release;
		};
		3E45F1FC1DB5C37A00AC2655 /* Debug */ = {
			isa = XCBuildConfiguration;
			buildSettings = {
				ALWAYS_EMBED_SWIFT_STANDARD_LIBRARIES = YES;
				BUNDLE_LOADER = "$(TEST_HOST)";
				INFOPLIST_FILE = TDD_exampleTests/Info.plist;
				LD_RUNPATH_SEARCH_PATHS = "$(inherited) @executable_path/Frameworks @loader_path/Frameworks";
				PRODUCT_BUNDLE_IDENTIFIER = "com.xnxin.TDD-exampleTests";
				PRODUCT_NAME = "$(TARGET_NAME)";
				SWIFT_VERSION = 3.0;
				TEST_HOST = "$(BUILT_PRODUCTS_DIR)/TDD_example.app/TDD_example";
			};
			name = Debug;
		};
		3E45F1FD1DB5C37A00AC2655 /* Release */ = {
			isa = XCBuildConfiguration;
			buildSettings = {
				ALWAYS_EMBED_SWIFT_STANDARD_LIBRARIES = YES;
				BUNDLE_LOADER = "$(TEST_HOST)";
				INFOPLIST_FILE = TDD_exampleTests/Info.plist;
				LD_RUNPATH_SEARCH_PATHS = "$(inherited) @executable_path/Frameworks @loader_path/Frameworks";
				PRODUCT_BUNDLE_IDENTIFIER = "com.xnxin.TDD-exampleTests";
				PRODUCT_NAME = "$(TARGET_NAME)";
				SWIFT_VERSION = 3.0;
				TEST_HOST = "$(BUILT_PRODUCTS_DIR)/TDD_example.app/TDD_example";
			};
			name = Release;
		};
		3E45F1FF1DB5C37A00AC2655 /* Debug */ = {
			isa = XCBuildConfiguration;
			buildSettings = {
				ALWAYS_EMBED_SWIFT_STANDARD_LIBRARIES = YES;
				CLANG_ENABLE_MODULES = YES;
				INFOPLIST_FILE = TDD_exampleUITests/Info.plist;
				LD_RUNPATH_SEARCH_PATHS = "$(inherited) @executable_path/Frameworks @loader_path/Frameworks";
				PRODUCT_BUNDLE_IDENTIFIER = "com.xnxin.TDD-exampleUITests";
				PRODUCT_NAME = "$(TARGET_NAME)";
				SWIFT_OPTIMIZATION_LEVEL = "-Onone";
				SWIFT_VERSION = 3.0;
				TEST_TARGET_NAME = TDD_example;
			};
			name = Debug;
		};
		3E45F2001DB5C37A00AC2655 /* Release */ = {
			isa = XCBuildConfiguration;
			buildSettings = {
				ALWAYS_EMBED_SWIFT_STANDARD_LIBRARIES = YES;
				CLANG_ENABLE_MODULES = YES;
				INFOPLIST_FILE = TDD_exampleUITests/Info.plist;
				LD_RUNPATH_SEARCH_PATHS = "$(inherited) @executable_path/Frameworks @loader_path/Frameworks";
				PRODUCT_BUNDLE_IDENTIFIER = "com.xnxin.TDD-exampleUITests";
				PRODUCT_NAME = "$(TARGET_NAME)";
				SWIFT_VERSION = 3.0;
				TEST_TARGET_NAME = TDD_example;
			};
			name = Release;
		};
/* End XCBuildConfiguration section */

/* Begin XCConfigurationList section */
		3E45F1CB1DB5C37A00AC2655 /* Build configuration list for PBXProject "TDD_example" */ = {
			isa = XCConfigurationList;
			buildConfigurations = (
				3E45F1F61DB5C37A00AC2655 /* Debug */,
				3E45F1F71DB5C37A00AC2655 /* Release */,
			);
			defaultConfigurationIsVisible = 0;
			defaultConfigurationName = Release;
		};
		3E45F1F81DB5C37A00AC2655 /* Build configuration list for PBXNativeTarget "TDD_example" */ = {
			isa = XCConfigurationList;
			buildConfigurations = (
				3E45F1F91DB5C37A00AC2655 /* Debug */,
				3E45F1FA1DB5C37A00AC2655 /* Release */,
			);
			defaultConfigurationIsVisible = 0;
			defaultConfigurationName = Release;
		};
		3E45F1FB1DB5C37A00AC2655 /* Build configuration list for PBXNativeTarget "TDD_exampleTests" */ = {
			isa = XCConfigurationList;
			buildConfigurations = (
				3E45F1FC1DB5C37A00AC2655 /* Debug */,
				3E45F1FD1DB5C37A00AC2655 /* Release */,
			);
			defaultConfigurationIsVisible = 0;
			defaultConfigurationName = Release;
		};
		3E45F1FE1DB5C37A00AC2655 /* Build configuration list for PBXNativeTarget "TDD_exampleUITests" */ = {
			isa = XCConfigurationList;
			buildConfigurations = (
				3E45F1FF1DB5C37A00AC2655 /* Debug */,
				3E45F2001DB5C37A00AC2655 /* Release */,
			);
			defaultConfigurationIsVisible = 0;
			defaultConfigurationName = Release;
		};
/* End XCConfigurationList section */
	};
	rootObject = 3E45F1C81DB5C37A00AC2655 /* Project object */;
}
